github.com/united-security-providers/usp-docs-hugo-theme v0.1.0 h1:lA1lZWx4H31x3eq2B/EWHzszBll5sSrr1GCCBneMe0w=
github.com/united-security-providers/usp-docs-hugo-theme v0.1.0/go.mod h1:rwZtLjkPqosYMbjPqx3W2vNSHWS/oFqBnqJo0MM9IUQ=
github.com/united-security-providers/usp-docs-hugo-theme v0.2.0 h1:qGMdjKjc2LNshRo3ZxqosDkk/6UqgP6gLvBQsqsNMTU=
github.com/united-security-providers/usp-docs-hugo-theme v0.2.0/go.mod h1:rwZtLjkPqosYMbjPqx3W2vNSHWS/oFqBnqJo0MM9IUQ=
